
Microsoft Visual Studio Solution File, Format Version 12.00
# Visual Studio Version 17
VisualStudioVersion = 17.3.32819.101
MinimumVisualStudioVersion = 10.0.40219.1
Project("{9A19103F-16F7-4668-BE54-9A1E7A4F7556}") = "SalesCommission", "SalesCommission\SalesCommission.csproj", "{60481F57-F8EF-4B6F-945E-86B64B98F96E}"
EndProject
Project("{FAE04EC0-301F-11D3-BF4B-00C04F79EFBC}") = "SalesCommissionTest", "SalesCommissionTest\SalesCommissionTest.csproj", "{F837F04A-E358-4EBF-9B9A-59F6818E74E8}"
EndProject
Global
	GlobalSection(SolutionConfigurationPlatforms) = preSolution
		Debug|Any CPU = Debug|Any CPU
		Release|Any CPU = Release|Any CPU
	EndGlobalSection
	GlobalSection(ProjectConfigurationPlatforms) = postSolution
		{60481F57-F8EF-4B6F-945E-86B64B98F96E}.Debug|Any CPU.ActiveCfg = Debug|Any CPU
		{60481F57-F8EF-4B6F-945E-86B64B98F96E}.Debug|Any CPU.Build.0 = Debug|Any CPU
		{60481F57-F8EF-4B6F-945E-86B64B98F96E}.Release|Any CPU.ActiveCfg = Release|Any CPU
		{60481F57-F8EF-4B6F-945E-86B64B98F96E}.Release|Any CPU.Build.0 = Release|Any CPU
		{F837F04A-E358-4EBF-9B9A-59F6818E74E8}.Debug|Any CPU.ActiveCfg = Debug|Any CPU
		{F837F04A-E358-4EBF-9B9A-59F6818E74E8}.Debug|Any CPU.Build.0 = Debug|Any CPU
		{F837F04A-E358-4EBF-9B9A-59F6818E74E8}.Release|Any CPU.ActiveCfg = Release|Any CPU
		{F837F04A-E358-4EBF-9B9A-59F6818E74E8}.Release|Any CPU.Build.0 = Release|Any CPU
	EndGlobalSection
	GlobalSection(SolutionProperties) = preSolution
		HideSolutionNode = FALSE
	EndGlobalSection
	GlobalSection(ExtensibilityGlobals) = postSolution
		SolutionGuid = {BEA838DF-B812-48D6-A5CB-9A713283ED22}
	EndGlobalSection
EndGlobal
